Microsoft Visual Studio Solution File, Format Version 11.00
# Visual Studio 2008

Project("{378A61A0-ED54-CE61-9580-B29851F1CFB9}") = "Catering_service", "Assembly-CSharp-firstpass.csproj", "{018ED1DB-F93E-D793-8B38-CF196924658A}"
EndProject
Project("{378A61A0-ED54-CE61-9580-B29851F1CFB9}") = "Catering_service", "Assembly-CSharp.csproj", "{A6DD23C4-A3DC-A312-BC13-3B07A89AEA4A}"
EndProject
Project("{378A61A0-ED54-CE61-9580-B29851F1CFB9}") = "Catering_service", "Assembly-CSharp-Editor.csproj", "{F074D3DB-630D-DE59-2B84-5BB871BD473E}"
EndProject
Global
	GlobalSection(SolutionConfigurationPlatforms) = preSolution
		Debug|Any CPU = Debug|Any CPU
		Release|Any CPU = Release|Any CPU
	EndGlobalSection
	GlobalSection(ProjectConfigurationPlatforms) = postSolution
		{018ED1DB-F93E-D793-8B38-CF196924658A}.Debug|Any CPU.ActiveCfg = Debug|Any CPU
		{018ED1DB-F93E-D793-8B38-CF196924658A}.Debug|Any CPU.Build.0 = Debug|Any CPU
		{018ED1DB-F93E-D793-8B38-CF196924658A}.Release|Any CPU.ActiveCfg = Release|Any CPU
		{018ED1DB-F93E-D793-8B38-CF196924658A}.Release|Any CPU.Build.0 = Release|Any CPU
		{A6DD23C4-A3DC-A312-BC13-3B07A89AEA4A}.Debug|Any CPU.ActiveCfg = Debug|Any CPU
		{A6DD23C4-A3DC-A312-BC13-3B07A89AEA4A}.Debug|Any CPU.Build.0 = Debug|Any CPU
		{A6DD23C4-A3DC-A312-BC13-3B07A89AEA4A}.Release|Any CPU.ActiveCfg = Release|Any CPU
		{A6DD23C4-A3DC-A312-BC13-3B07A89AEA4A}.Release|Any CPU.Build.0 = Release|Any CPU
		{F074D3DB-630D-DE59-2B84-5BB871BD473E}.Debug|Any CPU.ActiveCfg = Debug|Any CPU
		{F074D3DB-630D-DE59-2B84-5BB871BD473E}.Debug|Any CPU.Build.0 = Debug|Any CPU
		{F074D3DB-630D-DE59-2B84-5BB871BD473E}.Release|Any CPU.ActiveCfg = Release|Any CPU
		{F074D3DB-630D-DE59-2B84-5BB871BD473E}.Release|Any CPU.Build.0 = Release|Any CPU
	EndGlobalSection
	GlobalSection(SolutionProperties) = preSolution
		HideSolutionNode = FALSE
	EndGlobalSection
	GlobalSection(MonoDevelopProperties) = preSolution
		StartupItem = Assembly-CSharp.csproj
	EndGlobalSection
EndGlobal
