
Microsoft Visual Studio Solution File, Format Version 12.00
# Visual Studio for Mac
Project("{FAE04EC0-301F-11D3-BF4B-00C04F79EFBC}") = "Catering_service.Plugins", "Catering_service.Plugins.csproj", "{71924890-D3D5-9E04-6EA2-F95C402AEC56}"
EndProject
Project("{FAE04EC0-301F-11D3-BF4B-00C04F79EFBC}") = "Catering_service", "Catering_service.csproj", "{40AFACE8-085D-B8B9-0FA4-9FB35D719EE5}"
EndProject
Project("{FAE04EC0-301F-11D3-BF4B-00C04F79EFBC}") = "Catering_service.Editor", "Catering_service.Editor.csproj", "{5B0C1810-F746-32BB-E4FD-8FEBF571D4D2}"
EndProject
Project("{FAE04EC0-301F-11D3-BF4B-00C04F79EFBC}") = "Catering_service.Editor.Plugins", "Catering_service.Editor.Plugins.csproj", "{E1BF252D-71F8-E3CA-0249-6586301636D8}"
EndProject
Global
	GlobalSection(SolutionConfigurationPlatforms) = preSolution
		Debug|Any CPU = Debug|Any CPU
		Release|Any CPU = Release|Any CPU
	EndGlobalSection
	GlobalSection(ProjectConfigurationPlatforms) = postSolution
		{71924890-D3D5-9E04-6EA2-F95C402AEC56}.Debug|Any CPU.ActiveCfg = Debug|Any CPU
		{71924890-D3D5-9E04-6EA2-F95C402AEC56}.Debug|Any CPU.Build.0 = Debug|Any CPU
		{71924890-D3D5-9E04-6EA2-F95C402AEC56}.Release|Any CPU.ActiveCfg = Release|Any CPU
		{71924890-D3D5-9E04-6EA2-F95C402AEC56}.Release|Any CPU.Build.0 = Release|Any CPU
		{40AFACE8-085D-B8B9-0FA4-9FB35D719EE5}.Debug|Any CPU.ActiveCfg = Debug|Any CPU
		{40AFACE8-085D-B8B9-0FA4-9FB35D719EE5}.Debug|Any CPU.Build.0 = Debug|Any CPU
		{40AFACE8-085D-B8B9-0FA4-9FB35D719EE5}.Release|Any CPU.ActiveCfg = Release|Any CPU
		{40AFACE8-085D-B8B9-0FA4-9FB35D719EE5}.Release|Any CPU.Build.0 = Release|Any CPU
		{5B0C1810-F746-32BB-E4FD-8FEBF571D4D2}.Debug|Any CPU.ActiveCfg = Debug|Any CPU
		{5B0C1810-F746-32BB-E4FD-8FEBF571D4D2}.Debug|Any CPU.Build.0 = Debug|Any CPU
		{5B0C1810-F746-32BB-E4FD-8FEBF571D4D2}.Release|Any CPU.ActiveCfg = Release|Any CPU
		{5B0C1810-F746-32BB-E4FD-8FEBF571D4D2}.Release|Any CPU.Build.0 = Release|Any CPU
		{E1BF252D-71F8-E3CA-0249-6586301636D8}.Debug|Any CPU.ActiveCfg = Debug|Any CPU
		{E1BF252D-71F8-E3CA-0249-6586301636D8}.Debug|Any CPU.Build.0 = Debug|Any CPU
		{E1BF252D-71F8-E3CA-0249-6586301636D8}.Release|Any CPU.ActiveCfg = Release|Any CPU
		{E1BF252D-71F8-E3CA-0249-6586301636D8}.Release|Any CPU.Build.0 = Release|Any CPU
	EndGlobalSection
	GlobalSection(SolutionProperties) = preSolution
		HideSolutionNode = FALSE
	EndGlobalSection
EndGlobal
