
Microsoft Visual Studio Solution File, Format Version 12.00
# Visual Studio for Mac
Project("{FAE04EC0-301F-11D3-BF4B-00C04F79EFBC}") = "GlutMonster.Plugins", "GlutMonster.Plugins.csproj", "{B1D0DD4B-9E7C-F10D-7F96-DEA9AB96124F}"
EndProject
Project("{FAE04EC0-301F-11D3-BF4B-00C04F79EFBC}") = "GlutMonster", "GlutMonster.csproj", "{FF076191-5D6F-52A7-9104-DFDF5E824C59}"
EndProject
Project("{FAE04EC0-301F-11D3-BF4B-00C04F79EFBC}") = "GlutMonster.Editor", "GlutMonster.Editor.csproj", "{67106E95-E91B-2263-5A32-4043FDB64704}"
EndProject
Project("{FAE04EC0-301F-11D3-BF4B-00C04F79EFBC}") = "GlutMonster.Editor.Plugins", "GlutMonster.Editor.Plugins.csproj", "{5B9BDACB-DF22-2DB4-6F5A-C2A7B39A6C38}"
EndProject
Global
	GlobalSection(SolutionConfigurationPlatforms) = preSolution
		Debug|Any CPU = Debug|Any CPU
		Release|Any CPU = Release|Any CPU
	EndGlobalSection
	GlobalSection(ProjectConfigurationPlatforms) = postSolution
		{B1D0DD4B-9E7C-F10D-7F96-DEA9AB96124F}.Debug|Any CPU.ActiveCfg = Debug|Any CPU
		{B1D0DD4B-9E7C-F10D-7F96-DEA9AB96124F}.Debug|Any CPU.Build.0 = Debug|Any CPU
		{B1D0DD4B-9E7C-F10D-7F96-DEA9AB96124F}.Release|Any CPU.ActiveCfg = Release|Any CPU
		{B1D0DD4B-9E7C-F10D-7F96-DEA9AB96124F}.Release|Any CPU.Build.0 = Release|Any CPU
		{FF076191-5D6F-52A7-9104-DFDF5E824C59}.Debug|Any CPU.ActiveCfg = Debug|Any CPU
		{FF076191-5D6F-52A7-9104-DFDF5E824C59}.Debug|Any CPU.Build.0 = Debug|Any CPU
		{FF076191-5D6F-52A7-9104-DFDF5E824C59}.Release|Any CPU.ActiveCfg = Release|Any CPU
		{FF076191-5D6F-52A7-9104-DFDF5E824C59}.Release|Any CPU.Build.0 = Release|Any CPU
		{67106E95-E91B-2263-5A32-4043FDB64704}.Debug|Any CPU.ActiveCfg = Debug|Any CPU
		{67106E95-E91B-2263-5A32-4043FDB64704}.Debug|Any CPU.Build.0 = Debug|Any CPU
		{67106E95-E91B-2263-5A32-4043FDB64704}.Release|Any CPU.ActiveCfg = Release|Any CPU
		{67106E95-E91B-2263-5A32-4043FDB64704}.Release|Any CPU.Build.0 = Release|Any CPU
		{5B9BDACB-DF22-2DB4-6F5A-C2A7B39A6C38}.Debug|Any CPU.ActiveCfg = Debug|Any CPU
		{5B9BDACB-DF22-2DB4-6F5A-C2A7B39A6C38}.Debug|Any CPU.Build.0 = Debug|Any CPU
		{5B9BDACB-DF22-2DB4-6F5A-C2A7B39A6C38}.Release|Any CPU.ActiveCfg = Release|Any CPU
		{5B9BDACB-DF22-2DB4-6F5A-C2A7B39A6C38}.Release|Any CPU.Build.0 = Release|Any CPU
	EndGlobalSection
	GlobalSection(SolutionProperties) = preSolution
		HideSolutionNode = FALSE
	EndGlobalSection
EndGlobal
